{
  "name": "IFC.js-Crash-Course",
  "lockfileVersion": 2,
  "requires": true,
  "packages": {
    "": {
      "dependencies": {
        "camera-controls": "^1.36.2"
      },
      "devDependencies": {
        "@types/three": "^0.144.0"
      }
    },
    "node_modules/@types/three": {
      "version": "0.144.0",
      "resolved": "https://registry.npmjs.org/@types/three/-/three-0.144.0.tgz",
      "integrity": "sha512-psvEs6q5rLN50jUYZ3D4pZMfxTbdt3A243blt0my7/NcL6chaCZpHe2csbCtx0SOD9fI/XnF3wnVUAYZGqCSYg==",
      "dev": true,
      "dependencies": {
        "@types/webxr": "*"
      }
    },
    "node_modules/@types/webxr": {
      "version": "0.5.0",
      "resolved": "https://registry.npmjs.org/@types/webxr/-/webxr-0.5.0.tgz",
      "integrity": "sha512-IUMDPSXnYIbEO2IereEFcgcqfDREOgmbGqtrMpVPpACTU6pltYLwHgVkrnYv0XhWEcjio9sYEfIEzgn3c7nDqA==",
      "dev": true
    },
    "node_modules/camera-controls": {
      "version": "1.36.2",
      "resolved": "https://registry.npmjs.org/camera-controls/-/camera-controls-1.36.2.tgz",
      "integrity": "sha512-wF8xeLKtCxZMdKf37gQQta+iSSjTBmmI6xYxq5fESj7CR4UTiYHFuTuXzDogCf8ONYyWc6iunyMTc8ta6HtJAA==",
      "peerDependencies": {
        "three": ">=0.126.1"
      }
    },
    "node_modules/three": {
      "version": "0.144.0",
      "resolved": "https://registry.npmjs.org/three/-/three-0.144.0.tgz",
      "integrity": "sha512-R8AXPuqfjfRJKkYoTQcTK7A6i3AdO9++2n8ubya/GTU+fEHhYKu1ZooRSCPkx69jbnzT7dD/xEo6eROQTt2lJw==",
      "peer": true
    }
  },
  "dependencies": {
    "@types/three": {
      "version": "0.144.0",
      "resolved": "https://registry.npmjs.org/@types/three/-/three-0.144.0.tgz",
      "integrity": "sha512-psvEs6q5rLN50jUYZ3D4pZMfxTbdt3A243blt0my7/NcL6chaCZpHe2csbCtx0SOD9fI/XnF3wnVUAYZGqCSYg==",
      "dev": true,
      "requires": {
        "@types/webxr": "*"
      }
    },
    "@types/webxr": {
      "version": "0.5.0",
      "resolved": "https://registry.npmjs.org/@types/webxr/-/webxr-0.5.0.tgz",
      "integrity": "sha512-IUMDPSXnYIbEO2IereEFcgcqfDREOgmbGqtrMpVPpACTU6pltYLwHgVkrnYv0XhWEcjio9sYEfIEzgn3c7nDqA==",
      "dev": true
    },
    "camera-controls": {
      "version": "1.36.2",
      "resolved": "https://registry.npmjs.org/camera-controls/-/camera-controls-1.36.2.tgz",
      "integrity": "sha512-wF8xeLKtCxZMdKf37gQQta+iSSjTBmmI6xYxq5fESj7CR4UTiYHFuTuXzDogCf8ONYyWc6iunyMTc8ta6HtJAA==",
      "requires": {}
    },
    "three": {
      "version": "0.144.0",
      "resolved": "https://registry.npmjs.org/three/-/three-0.144.0.tgz",
      "integrity": "sha512-R8AXPuqfjfRJKkYoTQcTK7A6i3AdO9++2n8ubya/GTU+fEHhYKu1ZooRSCPkx69jbnzT7dD/xEo6eROQTt2lJw==",
      "peer": true
    }
  }
}
